
Microsoft Visual Studio Solution File, Format Version 12.00
# Visual Studio 14
VisualStudioVersion = 14.0.25420.1
MinimumVisualStudioVersion = 10.0.40219.1
Project("{FAE04EC0-301F-11D3-BF4B-00C04F79EFBC}") = "JKViewModels", "JKViewModels\JKViewModels.csproj", "{8BE795DD-63D6-474C-B5AF-FD269E1B9C90}"
EndProject
Project("{FAE04EC0-301F-11D3-BF4B-00C04F79EFBC}") = "JK.FMS.MVC", "JK.FMS.MVC\JK.FMS.MVC.csproj", "{2E8E0103-83DA-4235-9D2E-DB7A9E364EDE}"
EndProject
Project("{FAE04EC0-301F-11D3-BF4B-00C04F79EFBC}") = "JK.Repository", "JK.Repository\JK.Repository.csproj", "{5502A0FB-9393-447D-A421-45652FD99D51}"
EndProject
Project("{FAE04EC0-301F-11D3-BF4B-00C04F79EFBC}") = "Core.Framework", "Core.Framework\Core.Framework.csproj", "{044DFD4B-A83C-4128-A199-FF39FEA8AB23}"
EndProject
Project("{FAE04EC0-301F-11D3-BF4B-00C04F79EFBC}") = "WAWSDeploy", "jkDeploy.WAWSDeploy\WAWSDeploy.csproj", "{2C29AEA8-CD1D-407A-989F-0E56ED4CA353}"
EndProject
Project("{FAE04EC0-301F-11D3-BF4B-00C04F79EFBC}") = "JKApi.Service", "JKApi.Service\JKApi.Service.csproj", "{D0E41610-411B-457A-8E2E-A84A9708E789}"
EndProject
Project("{FAE04EC0-301F-11D3-BF4B-00C04F79EFBC}") = "JKApi.WebAPI", "JKApi.WebAPI\JKApi.WebAPI.csproj", "{A49D317F-2D5C-4438-A006-A9AC7EC79CF5}"
EndProject
Project("{FAE04EC0-301F-11D3-BF4B-00C04F79EFBC}") = "JKApi.Core", "JKApi.Core\JKApi.Core.csproj", "{3413424D-1ABB-4179-941F-667A0EE94F19}"
EndProject
Project("{FAE04EC0-301F-11D3-BF4B-00C04F79EFBC}") = "JKApi.Data", "JKApi.Data\JKApi.Data.csproj", "{B202BAEC-580D-46E4-BF13-3B0E46550B2D}"
EndProject
Project("{00D1A9C2-B5F0-4AF3-8072-F6C62B433612}") = "JK.Database", "JK.Database\JK.Database.sqlproj", "{71E5600E-605F-4CAC-976D-E772689C26A4}"
EndProject
Project("{FAE04EC0-301F-11D3-BF4B-00C04F79EFBC}") = "JK.Resources", "JK.Resources\JK.Resources.csproj", "{3F05D923-F306-49A4-B50A-C031DBC41E04}"
EndProject
Project("{FAE04EC0-301F-11D3-BF4B-00C04F79EFBC}") = "TaxImportLogic", "TaxImportLogic\TaxImportLogic.csproj", "{0BB78CEC-0E5D-4348-8B43-B28CA5958952}"
EndProject
Project("{FAE04EC0-301F-11D3-BF4B-00C04F79EFBC}") = "Tax_Import_Data_Service", "TaxImportService\Tax_Import_Data_Service.csproj", "{7465CB66-E0E6-4D40-8EAB-3AF5A80A426F}"
EndProject
Project("{FAE04EC0-301F-11D3-BF4B-00C04F79EFBC}") = "Tax_Import_Data_DesktopManagment", "TAX_Import_Data\Tax_Import_Data_DesktopManagment.csproj", "{333E70CF-230A-45EA-A914-6119F66AF3E2}"
EndProject
Project("{FAE04EC0-301F-11D3-BF4B-00C04F79EFBC}") = "TaxImportTestConsole", "TaxImportTestConsole\TaxImportTestConsole.csproj", "{876622DC-8099-45D0-B3B2-71EAFDC13B65}"
EndProject
Project("{FAE04EC0-301F-11D3-BF4B-00C04F79EFBC}") = "JK.FMS.WindowService", "JK.FMS.WindowService\JK.FMS.WindowService.csproj", "{09986BEE-FABB-4831-9B16-15F95D371A40}"
EndProject
Global
	GlobalSection(SolutionConfigurationPlatforms) = preSolution
		Debug|Any CPU = Debug|Any CPU
		Debug|x86 = Debug|x86
		Release|Any CPU = Release|Any CPU
		Release|x86 = Release|x86
	EndGlobalSection
	GlobalSection(ProjectConfigurationPlatforms) = postSolution
		{8BE795DD-63D6-474C-B5AF-FD269E1B9C90}.Debug|Any CPU.ActiveCfg = Debug|Any CPU
		{8BE795DD-63D6-474C-B5AF-FD269E1B9C90}.Debug|Any CPU.Build.0 = Debug|Any CPU
		{8BE795DD-63D6-474C-B5AF-FD269E1B9C90}.Debug|x86.ActiveCfg = Debug|Any CPU
		{8BE795DD-63D6-474C-B5AF-FD269E1B9C90}.Debug|x86.Build.0 = Debug|Any CPU
		{8BE795DD-63D6-474C-B5AF-FD269E1B9C90}.Release|Any CPU.ActiveCfg = Release|Any CPU
		{8BE795DD-63D6-474C-B5AF-FD269E1B9C90}.Release|Any CPU.Build.0 = Release|Any CPU
		{8BE795DD-63D6-474C-B5AF-FD269E1B9C90}.Release|x86.ActiveCfg = Release|Any CPU
		{8BE795DD-63D6-474C-B5AF-FD269E1B9C90}.Release|x86.Build.0 = Release|Any CPU
		{2E8E0103-83DA-4235-9D2E-DB7A9E364EDE}.Debug|Any CPU.ActiveCfg = Debug|Any CPU
		{2E8E0103-83DA-4235-9D2E-DB7A9E364EDE}.Debug|Any CPU.Build.0 = Debug|Any CPU
		{2E8E0103-83DA-4235-9D2E-DB7A9E364EDE}.Debug|x86.ActiveCfg = Debug|Any CPU
		{2E8E0103-83DA-4235-9D2E-DB7A9E364EDE}.Debug|x86.Build.0 = Debug|Any CPU
		{2E8E0103-83DA-4235-9D2E-DB7A9E364EDE}.Release|Any CPU.ActiveCfg = Release|Any CPU
		{2E8E0103-83DA-4235-9D2E-DB7A9E364EDE}.Release|Any CPU.Build.0 = Release|Any CPU
		{2E8E0103-83DA-4235-9D2E-DB7A9E364EDE}.Release|x86.ActiveCfg = Release|Any CPU
		{2E8E0103-83DA-4235-9D2E-DB7A9E364EDE}.Release|x86.Build.0 = Release|Any CPU
		{5502A0FB-9393-447D-A421-45652FD99D51}.Debug|Any CPU.ActiveCfg = Debug|Any CPU
		{5502A0FB-9393-447D-A421-45652FD99D51}.Debug|Any CPU.Build.0 = Debug|Any CPU
		{5502A0FB-9393-447D-A421-45652FD99D51}.Debug|x86.ActiveCfg = Debug|Any CPU
		{5502A0FB-9393-447D-A421-45652FD99D51}.Debug|x86.Build.0 = Debug|Any CPU
		{5502A0FB-9393-447D-A421-45652FD99D51}.Release|Any CPU.ActiveCfg = Release|Any CPU
		{5502A0FB-9393-447D-A421-45652FD99D51}.Release|Any CPU.Build.0 = Release|Any CPU
		{5502A0FB-9393-447D-A421-45652FD99D51}.Release|x86.ActiveCfg = Release|Any CPU
		{5502A0FB-9393-447D-A421-45652FD99D51}.Release|x86.Build.0 = Release|Any CPU
		{044DFD4B-A83C-4128-A199-FF39FEA8AB23}.Debug|Any CPU.ActiveCfg = Debug|Any CPU
		{044DFD4B-A83C-4128-A199-FF39FEA8AB23}.Debug|Any CPU.Build.0 = Debug|Any CPU
		{044DFD4B-A83C-4128-A199-FF39FEA8AB23}.Debug|x86.ActiveCfg = Debug|Any CPU
		{044DFD4B-A83C-4128-A199-FF39FEA8AB23}.Debug|x86.Build.0 = Debug|Any CPU
		{044DFD4B-A83C-4128-A199-FF39FEA8AB23}.Release|Any CPU.ActiveCfg = Release|Any CPU
		{044DFD4B-A83C-4128-A199-FF39FEA8AB23}.Release|Any CPU.Build.0 = Release|Any CPU
		{044DFD4B-A83C-4128-A199-FF39FEA8AB23}.Release|x86.ActiveCfg = Release|Any CPU
		{044DFD4B-A83C-4128-A199-FF39FEA8AB23}.Release|x86.Build.0 = Release|Any CPU
		{2C29AEA8-CD1D-407A-989F-0E56ED4CA353}.Debug|Any CPU.ActiveCfg = Debug|Any CPU
		{2C29AEA8-CD1D-407A-989F-0E56ED4CA353}.Debug|Any CPU.Build.0 = Debug|Any CPU
		{2C29AEA8-CD1D-407A-989F-0E56ED4CA353}.Debug|x86.ActiveCfg = Debug|Any CPU
		{2C29AEA8-CD1D-407A-989F-0E56ED4CA353}.Debug|x86.Build.0 = Debug|Any CPU
		{2C29AEA8-CD1D-407A-989F-0E56ED4CA353}.Release|Any CPU.ActiveCfg = Release|Any CPU
		{2C29AEA8-CD1D-407A-989F-0E56ED4CA353}.Release|Any CPU.Build.0 = Release|Any CPU
		{2C29AEA8-CD1D-407A-989F-0E56ED4CA353}.Release|x86.ActiveCfg = Release|Any CPU
		{2C29AEA8-CD1D-407A-989F-0E56ED4CA353}.Release|x86.Build.0 = Release|Any CPU
		{D0E41610-411B-457A-8E2E-A84A9708E789}.Debug|Any CPU.ActiveCfg = Debug|Any CPU
		{D0E41610-411B-457A-8E2E-A84A9708E789}.Debug|Any CPU.Build.0 = Debug|Any CPU
		{D0E41610-411B-457A-8E2E-A84A9708E789}.Debug|x86.ActiveCfg = Debug|Any CPU
		{D0E41610-411B-457A-8E2E-A84A9708E789}.Debug|x86.Build.0 = Debug|Any CPU
		{D0E41610-411B-457A-8E2E-A84A9708E789}.Release|Any CPU.ActiveCfg = Release|Any CPU
		{D0E41610-411B-457A-8E2E-A84A9708E789}.Release|Any CPU.Build.0 = Release|Any CPU
		{D0E41610-411B-457A-8E2E-A84A9708E789}.Release|x86.ActiveCfg = Release|Any CPU
		{D0E41610-411B-457A-8E2E-A84A9708E789}.Release|x86.Build.0 = Release|Any CPU
		{A49D317F-2D5C-4438-A006-A9AC7EC79CF5}.Debug|Any CPU.ActiveCfg = Debug|Any CPU
		{A49D317F-2D5C-4438-A006-A9AC7EC79CF5}.Debug|Any CPU.Build.0 = Debug|Any CPU
		{A49D317F-2D5C-4438-A006-A9AC7EC79CF5}.Debug|x86.ActiveCfg = Debug|Any CPU
		{A49D317F-2D5C-4438-A006-A9AC7EC79CF5}.Debug|x86.Build.0 = Debug|Any CPU
		{A49D317F-2D5C-4438-A006-A9AC7EC79CF5}.Release|Any CPU.ActiveCfg = Release|Any CPU
		{A49D317F-2D5C-4438-A006-A9AC7EC79CF5}.Release|Any CPU.Build.0 = Release|Any CPU
		{A49D317F-2D5C-4438-A006-A9AC7EC79CF5}.Release|x86.ActiveCfg = Release|Any CPU
		{A49D317F-2D5C-4438-A006-A9AC7EC79CF5}.Release|x86.Build.0 = Release|Any CPU
		{3413424D-1ABB-4179-941F-667A0EE94F19}.Debug|Any CPU.ActiveCfg = Debug|Any CPU
		{3413424D-1ABB-4179-941F-667A0EE94F19}.Debug|Any CPU.Build.0 = Debug|Any CPU
		{3413424D-1ABB-4179-941F-667A0EE94F19}.Debug|x86.ActiveCfg = Debug|Any CPU
		{3413424D-1ABB-4179-941F-667A0EE94F19}.Debug|x86.Build.0 = Debug|Any CPU
		{3413424D-1ABB-4179-941F-667A0EE94F19}.Release|Any CPU.ActiveCfg = Release|Any CPU
		{3413424D-1ABB-4179-941F-667A0EE94F19}.Release|Any CPU.Build.0 = Release|Any CPU
		{3413424D-1ABB-4179-941F-667A0EE94F19}.Release|x86.ActiveCfg = Release|Any CPU
		{3413424D-1ABB-4179-941F-667A0EE94F19}.Release|x86.Build.0 = Release|Any CPU
		{B202BAEC-580D-46E4-BF13-3B0E46550B2D}.Debug|Any CPU.ActiveCfg = Debug|Any CPU
		{B202BAEC-580D-46E4-BF13-3B0E46550B2D}.Debug|Any CPU.Build.0 = Debug|Any CPU
		{B202BAEC-580D-46E4-BF13-3B0E46550B2D}.Debug|x86.ActiveCfg = Debug|Any CPU
		{B202BAEC-580D-46E4-BF13-3B0E46550B2D}.Debug|x86.Build.0 = Debug|Any CPU
		{B202BAEC-580D-46E4-BF13-3B0E46550B2D}.Release|Any CPU.ActiveCfg = Release|Any CPU
		{B202BAEC-580D-46E4-BF13-3B0E46550B2D}.Release|Any CPU.Build.0 = Release|Any CPU
		{B202BAEC-580D-46E4-BF13-3B0E46550B2D}.Release|x86.ActiveCfg = Release|Any CPU
		{B202BAEC-580D-46E4-BF13-3B0E46550B2D}.Release|x86.Build.0 = Release|Any CPU
		{71E5600E-605F-4CAC-976D-E772689C26A4}.Debug|Any CPU.ActiveCfg = Debug|Any CPU
		{71E5600E-605F-4CAC-976D-E772689C26A4}.Debug|Any CPU.Build.0 = Debug|Any CPU
		{71E5600E-605F-4CAC-976D-E772689C26A4}.Debug|Any CPU.Deploy.0 = Debug|Any CPU
		{71E5600E-605F-4CAC-976D-E772689C26A4}.Debug|x86.ActiveCfg = Debug|Any CPU
		{71E5600E-605F-4CAC-976D-E772689C26A4}.Debug|x86.Build.0 = Debug|Any CPU
		{71E5600E-605F-4CAC-976D-E772689C26A4}.Debug|x86.Deploy.0 = Debug|Any CPU
		{71E5600E-605F-4CAC-976D-E772689C26A4}.Release|Any CPU.ActiveCfg = Release|Any CPU
		{71E5600E-605F-4CAC-976D-E772689C26A4}.Release|Any CPU.Build.0 = Release|Any CPU
		{71E5600E-605F-4CAC-976D-E772689C26A4}.Release|Any CPU.Deploy.0 = Release|Any CPU
		{71E5600E-605F-4CAC-976D-E772689C26A4}.Release|x86.ActiveCfg = Release|Any CPU
		{71E5600E-605F-4CAC-976D-E772689C26A4}.Release|x86.Build.0 = Release|Any CPU
		{71E5600E-605F-4CAC-976D-E772689C26A4}.Release|x86.Deploy.0 = Release|Any CPU
		{3F05D923-F306-49A4-B50A-C031DBC41E04}.Debug|Any CPU.ActiveCfg = Debug|Any CPU
		{3F05D923-F306-49A4-B50A-C031DBC41E04}.Debug|Any CPU.Build.0 = Debug|Any CPU
		{3F05D923-F306-49A4-B50A-C031DBC41E04}.Debug|x86.ActiveCfg = Debug|Any CPU
		{3F05D923-F306-49A4-B50A-C031DBC41E04}.Debug|x86.Build.0 = Debug|Any CPU
		{3F05D923-F306-49A4-B50A-C031DBC41E04}.Release|Any CPU.ActiveCfg = Release|Any CPU
		{3F05D923-F306-49A4-B50A-C031DBC41E04}.Release|Any CPU.Build.0 = Release|Any CPU
		{3F05D923-F306-49A4-B50A-C031DBC41E04}.Release|x86.ActiveCfg = Release|Any CPU
		{3F05D923-F306-49A4-B50A-C031DBC41E04}.Release|x86.Build.0 = Release|Any CPU
		{0BB78CEC-0E5D-4348-8B43-B28CA5958952}.Debug|Any CPU.ActiveCfg = Debug|Any CPU
		{0BB78CEC-0E5D-4348-8B43-B28CA5958952}.Debug|Any CPU.Build.0 = Debug|Any CPU
		{0BB78CEC-0E5D-4348-8B43-B28CA5958952}.Debug|x86.ActiveCfg = Debug|Any CPU
		{0BB78CEC-0E5D-4348-8B43-B28CA5958952}.Debug|x86.Build.0 = Debug|Any CPU
		{0BB78CEC-0E5D-4348-8B43-B28CA5958952}.Release|Any CPU.ActiveCfg = Release|Any CPU
		{0BB78CEC-0E5D-4348-8B43-B28CA5958952}.Release|Any CPU.Build.0 = Release|Any CPU
		{0BB78CEC-0E5D-4348-8B43-B28CA5958952}.Release|x86.ActiveCfg = Release|Any CPU
		{0BB78CEC-0E5D-4348-8B43-B28CA5958952}.Release|x86.Build.0 = Release|Any CPU
		{7465CB66-E0E6-4D40-8EAB-3AF5A80A426F}.Debug|Any CPU.ActiveCfg = Debug|Any CPU
		{7465CB66-E0E6-4D40-8EAB-3AF5A80A426F}.Debug|Any CPU.Build.0 = Debug|Any CPU
		{7465CB66-E0E6-4D40-8EAB-3AF5A80A426F}.Debug|x86.ActiveCfg = Debug|Any CPU
		{7465CB66-E0E6-4D40-8EAB-3AF5A80A426F}.Debug|x86.Build.0 = Debug|Any CPU
		{7465CB66-E0E6-4D40-8EAB-3AF5A80A426F}.Release|Any CPU.ActiveCfg = Release|Any CPU
		{7465CB66-E0E6-4D40-8EAB-3AF5A80A426F}.Release|Any CPU.Build.0 = Release|Any CPU
		{7465CB66-E0E6-4D40-8EAB-3AF5A80A426F}.Release|x86.ActiveCfg = Release|Any CPU
		{7465CB66-E0E6-4D40-8EAB-3AF5A80A426F}.Release|x86.Build.0 = Release|Any CPU
		{333E70CF-230A-45EA-A914-6119F66AF3E2}.Debug|Any CPU.ActiveCfg = Debug|Any CPU
		{333E70CF-230A-45EA-A914-6119F66AF3E2}.Debug|Any CPU.Build.0 = Debug|Any CPU
		{333E70CF-230A-45EA-A914-6119F66AF3E2}.Debug|x86.ActiveCfg = Debug|x86
		{333E70CF-230A-45EA-A914-6119F66AF3E2}.Debug|x86.Build.0 = Debug|x86
		{333E70CF-230A-45EA-A914-6119F66AF3E2}.Release|Any CPU.ActiveCfg = Release|Any CPU
		{333E70CF-230A-45EA-A914-6119F66AF3E2}.Release|Any CPU.Build.0 = Release|Any CPU
		{333E70CF-230A-45EA-A914-6119F66AF3E2}.Release|x86.ActiveCfg = Release|x86
		{333E70CF-230A-45EA-A914-6119F66AF3E2}.Release|x86.Build.0 = Release|x86
		{876622DC-8099-45D0-B3B2-71EAFDC13B65}.Debug|Any CPU.ActiveCfg = Debug|Any CPU
		{876622DC-8099-45D0-B3B2-71EAFDC13B65}.Debug|Any CPU.Build.0 = Debug|Any CPU
		{876622DC-8099-45D0-B3B2-71EAFDC13B65}.Debug|x86.ActiveCfg = Debug|Any CPU
		{876622DC-8099-45D0-B3B2-71EAFDC13B65}.Debug|x86.Build.0 = Debug|Any CPU
		{876622DC-8099-45D0-B3B2-71EAFDC13B65}.Release|Any CPU.ActiveCfg = Release|Any CPU
		{876622DC-8099-45D0-B3B2-71EAFDC13B65}.Release|Any CPU.Build.0 = Release|Any CPU
		{876622DC-8099-45D0-B3B2-71EAFDC13B65}.Release|x86.ActiveCfg = Release|Any CPU
		{876622DC-8099-45D0-B3B2-71EAFDC13B65}.Release|x86.Build.0 = Release|Any CPU
		{09986BEE-FABB-4831-9B16-15F95D371A40}.Debug|Any CPU.ActiveCfg = Debug|Any CPU
		{09986BEE-FABB-4831-9B16-15F95D371A40}.Debug|Any CPU.Build.0 = Debug|Any CPU
		{09986BEE-FABB-4831-9B16-15F95D371A40}.Debug|x86.ActiveCfg = Debug|Any CPU
		{09986BEE-FABB-4831-9B16-15F95D371A40}.Debug|x86.Build.0 = Debug|Any CPU
		{09986BEE-FABB-4831-9B16-15F95D371A40}.Release|Any CPU.ActiveCfg = Release|Any CPU
		{09986BEE-FABB-4831-9B16-15F95D371A40}.Release|Any CPU.Build.0 = Release|Any CPU
		{09986BEE-FABB-4831-9B16-15F95D371A40}.Release|x86.ActiveCfg = Release|Any CPU
		{09986BEE-FABB-4831-9B16-15F95D371A40}.Release|x86.Build.0 = Release|Any CPU
	EndGlobalSection
	GlobalSection(SolutionProperties) = preSolution
		HideSolutionNode = FALSE
	EndGlobalSection
	GlobalSection(ExtensibilityGlobals) = postSolution
		SolutionGuid = {AA63162E-3D6C-414C-AD93-14AC631F7E55}
	EndGlobalSection
EndGlobal
